
Microsoft Visual Studio Solution File, Format Version 12.00
# Visual Studio Version 16
VisualStudioVersion = 16.0.810.6
MinimumVisualStudioVersion = 10.0.40219.1
Project("{FAE04EC0-301F-11D3-BF4B-00C04F79EFBC}") = "Blog", "Blog\Blog.csproj", "{7AB65112-B589-476E-8E2D-63DD1D8DC246}"
EndProject
Global
	GlobalSection(SolutionConfigurationPlatforms) = preSolution
		Debug|Any CPU = Debug|Any CPU
		Release|Any CPU = Release|Any CPU
	EndGlobalSection
	GlobalSection(ProjectConfigurationPlatforms) = postSolution
		{7AB65112-B589-476E-8E2D-63DD1D8DC246}.Debug|Any CPU.ActiveCfg = Debug|Any CPU
		{7AB65112-B589-476E-8E2D-63DD1D8DC246}.Debug|Any CPU.Build.0 = Debug|Any CPU
		{7AB65112-B589-476E-8E2D-63DD1D8DC246}.Release|Any CPU.ActiveCfg = Release|Any CPU
		{7AB65112-B589-476E-8E2D-63DD1D8DC246}.Release|Any CPU.Build.0 = Release|Any CPU
	EndGlobalSection
	GlobalSection(SolutionProperties) = preSolution
		HideSolutionNode = FALSE
	EndGlobalSection
	GlobalSection(ExtensibilityGlobals) = postSolution
		SolutionGuid = {3C4E75CE-0B8C-40C2-9837-A7A29AADE96F}
	EndGlobalSection
EndGlobal
